
Microsoft Visual Studio Solution File, Format Version 12.00
# Visual Studio Version 17
VisualStudioVersion = 17.8.34330.188
MinimumVisualStudioVersion = 10.0.40219.1
Project("{FAE04EC0-301F-11D3-BF4B-00C04F79EFBC}") = "MagicVilla_VillaAPI", "MagicVilla_VillaAPI\MagicVilla_VillaAPI.csproj", "{2A6E0807-5047-4694-B5AE-132DECF487B5}"
EndProject
Global
	GlobalSection(SolutionConfigurationPlatforms) = preSolution
		Debug|Any CPU = Debug|Any CPU
		Release|Any CPU = Release|Any CPU
	EndGlobalSection
	GlobalSection(ProjectConfigurationPlatforms) = postSolution
		{2A6E0807-5047-4694-B5AE-132DECF487B5}.Debug|Any CPU.ActiveCfg = Debug|Any CPU
		{2A6E0807-5047-4694-B5AE-132DECF487B5}.Debug|Any CPU.Build.0 = Debug|Any CPU
		{2A6E0807-5047-4694-B5AE-132DECF487B5}.Release|Any CPU.ActiveCfg = Release|Any CPU
		{2A6E0807-5047-4694-B5AE-132DECF487B5}.Release|Any CPU.Build.0 = Release|Any CPU
	EndGlobalSection
	GlobalSection(SolutionProperties) = preSolution
		HideSolutionNode = FALSE
	EndGlobalSection
	GlobalSection(ExtensibilityGlobals) = postSolution
		SolutionGuid = {33C938CF-B70F-49DA-9E14-5E748A6A2C69}
	EndGlobalSection
EndGlobal
